
Microsoft Visual Studio Solution File, Format Version 12.00
Project("{FAE04EC0-301F-11D3-BF4B-00C04F79EFBC}") = "LinkShortener", "LinkShortener\LinkShortener.csproj", "{F47AA414-FD98-4ACF-9530-A9A574CC85BC}"
EndProject
Project("{FAE04EC0-301F-11D3-BF4B-00C04F79EFBC}") = "LinkShortener.DAL", "LinkShortener.DAL\LinkShortener.DAL.csproj", "{CBE1FA88-9CE5-4530-A1EC-5FFC20F32CEA}"
EndProject
Project("{FAE04EC0-301F-11D3-BF4B-00C04F79EFBC}") = "LinkShortener.Service", "LinkShortener.Service\LinkShortener.Service.csproj", "{8B096C99-716F-410E-A28E-04A159C73B98}"
EndProject
Global
	GlobalSection(SolutionConfigurationPlatforms) = preSolution
		Debug|Any CPU = Debug|Any CPU
		Release|Any CPU = Release|Any CPU
	EndGlobalSection
	GlobalSection(ProjectConfigurationPlatforms) = postSolution
		{F47AA414-FD98-4ACF-9530-A9A574CC85BC}.Debug|Any CPU.ActiveCfg = Debug|Any CPU
		{F47AA414-FD98-4ACF-9530-A9A574CC85BC}.Debug|Any CPU.Build.0 = Debug|Any CPU
		{F47AA414-FD98-4ACF-9530-A9A574CC85BC}.Release|Any CPU.ActiveCfg = Release|Any CPU
		{F47AA414-FD98-4ACF-9530-A9A574CC85BC}.Release|Any CPU.Build.0 = Release|Any CPU
		{CBE1FA88-9CE5-4530-A1EC-5FFC20F32CEA}.Debug|Any CPU.ActiveCfg = Debug|Any CPU
		{CBE1FA88-9CE5-4530-A1EC-5FFC20F32CEA}.Debug|Any CPU.Build.0 = Debug|Any CPU
		{CBE1FA88-9CE5-4530-A1EC-5FFC20F32CEA}.Release|Any CPU.ActiveCfg = Release|Any CPU
		{CBE1FA88-9CE5-4530-A1EC-5FFC20F32CEA}.Release|Any CPU.Build.0 = Release|Any CPU
		{8B096C99-716F-410E-A28E-04A159C73B98}.Debug|Any CPU.ActiveCfg = Debug|Any CPU
		{8B096C99-716F-410E-A28E-04A159C73B98}.Debug|Any CPU.Build.0 = Debug|Any CPU
		{8B096C99-716F-410E-A28E-04A159C73B98}.Release|Any CPU.ActiveCfg = Release|Any CPU
		{8B096C99-716F-410E-A28E-04A159C73B98}.Release|Any CPU.Build.0 = Release|Any CPU
	EndGlobalSection
EndGlobal
